// !$*UTF8*$!
{
	archiveVersion = 1;
	classes = {
	};
	objectVersion = 48;
	objects = {

/* Begin PBXBuildFile section */
		8BDAF47B1F9A2C5D004A2C0C /* AppDelegate.swift in Sources */ = {isa = PBXBuildFile; fileRef = 8BDAF47A1F9A2C5D004A2C0C /* AppDelegate.swift */; };
		8BDAF47D1F9A2C5D004A2C0C /* ViewController.swift in Sources */ = {isa = PBXBuildFile; fileRef = 8BDAF47C1F9A2C5D004A2C0C /* ViewController.swift */; };
		8BDAF4801F9A2C5D004A2C0C /* Main.storyboard in Resources */ = {isa = PBXBuildFile; fileRef = 8BDAF47E1F9A2C5D004A2C0C /* Main.storyboard */; };
		8BDAF4821F9A2C5D004A2C0C /* Assets.xcassets in Resources */ = {isa = PBXBuildFile; fileRef = 8BDAF4811F9A2C5D004A2C0C /* Assets.xcassets */; };
		8BDAF4851F9A2C5D004A2C0C /* LaunchScreen.storyboard in Resources */ = {isa = PBXBuildFile; fileRef = 8BDAF4831F9A2C5D004A2C0C /* LaunchScreen.storyboard */; };
		8BDAF48D1F9A2DDD004A2C0C /* UIView+Blur.swift in Sources */ = {isa = PBXBuildFile; fileRef = 8BDAF48C1F9A2C74004A2C0C /* UIView+Blur.swift */; };
/* End PBXBuildFile section */

/* Begin PBXFileReference section */
		8BDAF4771F9A2C5D004A2C0C /* BlurViewExample.app */ = {isa = PBXFileReference; explicitFileType = wrapper.application; includeInIndex = 0; path = BlurViewExample.app; sourceTree = BUILT_PRODUCTS_DIR; };
		8BDAF47A1F9A2C5D004A2C0C /* AppDelegate.swift */ = {isa = PBXFileReference; lastKnownFileType = sourcecode.swift; path = AppDelegate.swift; sourceTree = "<group>"; };
		8BDAF47C1F9A2C5D004A2C0C /* ViewController.swift */ = {isa = PBXFileReference; lastKnownFileType = sourcecode.swift; path = ViewController.swift; sourceTree = "<group>"; };
		8BDAF47F1F9A2C5D004A2C0C /* Base */ = {isa = PBXFileReference; lastKnownFileType = file.storyboard; name = Base; path = Base.lproj/Main.storyboard; sourceTree = "<group>"; };
		8BDAF4811F9A2C5D004A2C0C /* Assets.xcassets */ = {isa = PBXFileReference; lastKnownFileType = folder.assetcatalog; path = Assets.xcassets; sourceTree = "<group>"; };
		8BDAF4841F9A2C5D004A2C0C /* Base */ = {isa = PBXFileReference; lastKnownFileType = file.storyboard; name = Base; path = Base.lproj/LaunchScreen.storyboard; sourceTree = "<group>"; };
		8BDAF4861F9A2C5D004A2C0C /* Info.plist */ = {isa = PBXFileReference; lastKnownFileType = text.plist.xml; path = Info.plist; sourceTree = "<group>"; };
		8BDAF48C1F9A2C74004A2C0C /* UIView+Blur.swift */ = {isa = PBXFileReference; lastKnownFileType = sourcecode.swift; name = "UIView+Blur.swift"; path = "../UIView+Blur.swift"; sourceTree = "<group>"; };
/* End PBXFileReference section */

/* Begin PBXFrameworksBuildPhase section */
		8BDAF4741F9A2C5D004A2C0C /* Frameworks */ = {
			isa = PBXFrameworksBuildPhase;
			buildActionMask = 2147483647;
			files = (
			);
			runOnlyForDeploymentPostprocessing = 0;
		};
/* End PBXFrameworksBuildPhase section */

/* Begin PBXGroup section */
		8BDAF46E1F9A2C5D004A2C0C = {
			isa = PBXGroup;
			children = (
				8BDAF48C1F9A2C74004A2C0C /* UIView+Blur.swift */,
				8BDAF4791F9A2C5D004A2C0C /* BlurViewExample */,
				8BDAF4781F9A2C5D004A2C0C /* Products */,
			);
			sourceTree = "<group>";
		};
		8BDAF4781F9A2C5D004A2C0C /* Products */ = {
			isa = PBXGroup;
			children = (
				8BDAF4771F9A2C5D004A2C0C /* BlurViewExample.app */,
			);
			name = Products;
			sourceTree = "<group>";
		};
		8BDAF4791F9A2C5D004A2C0C /* BlurViewExample */ = {
			isa = PBXGroup;
			children = (
				8BDAF47A1F9A2C5D004A2C0C /* AppDelegate.swift */,
				8BDAF47C1F9A2C5D004A2C0C /* ViewController.swift */,
				8BDAF47E1F9A2C5D004A2C0C /* Main.storyboard */,
				8BDAF4811F9A2C5D004A2C0C /* Assets.xcassets */,
				8BDAF4831F9A2C5D004A2C0C /* LaunchScreen.storyboard */,
				8BDAF4861F9A2C5D004A2C0C /* Info.plist */,
			);
			path = BlurViewExample;
			sourceTree = "<group>";
		};
/* End PBXGroup section */

/* Begin PBXNativeTarget section */
		8BDAF4761F9A2C5D004A2C0C /* BlurViewExample */ = {
			isa = PBXNativeTarget;
			buildConfigurationList = 8BDAF4891F9A2C5D004A2C0C /* Build configuration list for PBXNativeTarget "BlurViewExample" */;
			buildPhases = (
				8BDAF4731F9A2C5D004A2C0C /* Sources */,
				8BDAF4741F9A2C5D004A2C0C /* Frameworks */,
				8BDAF4751F9A2C5D004A2C0C /* Resources */,
			);
			buildRules = (
			);
			dependencies = (
			);
			name = BlurViewExample;
			productName = BlurViewExample;
			productReference = 8BDAF4771F9A2C5D004A2C0C /* BlurViewExample.app */;
			productType = "com.apple.product-type.application";
		};
/* End PBXNativeTarget section */

/* Begin PBXProject section */
		8BDAF46F1F9A2C5D004A2C0C /* Project object */ = {
			isa = PBXProject;
			attributes = {
				LastSwiftUpdateCheck = 0900;
				LastUpgradeCheck = 0900;
				ORGANIZATIONNAME = nx;
				TargetAttributes = {
					8BDAF4761F9A2C5D004A2C0C = {
						CreatedOnToolsVersion = 9.0;
						ProvisioningStyle = Automatic;
					};
				};
			};
			buildConfigurationList = 8BDAF4721F9A2C5D004A2C0C /* Build configuration list for PBXProject "BlurViewExample" */;
			compatibilityVersion = "Xcode 8.0";
			developmentRegion = en;
			hasScannedForEncodings = 0;
			knownRegions = (
				en,
				Base,
			);
			mainGroup = 8BDAF46E1F9A2C5D004A2C0C;
			productRefGroup = 8BDAF4781F9A2C5D004A2C0C /* Products */;
			projectDirPath = "";
			projectRoot = "";
			targets = (
				8BDAF4761F9A2C5D004A2C0C /* BlurViewExample */,
			);
		};
/* End PBXProject section */

/* Begin PBXResourcesBuildPhase section */
		8BDAF4751F9A2C5D004A2C0C /* Resources */ = {
			isa = PBXResourcesBuildPhase;
			buildActionMask = 2147483647;
			files = (
				8BDAF4851F9A2C5D004A2C0C /* LaunchScreen.storyboard in Resources */,
				8BDAF4821F9A2C5D004A2C0C /* Assets.xcassets in Resources */,
				8BDAF4801F9A2C5D004A2C0C /* Main.storyboard in Resources */,
			);
			runOnlyForDeploymentPostprocessing = 0;
		};
/* End PBXResourcesBuildPhase section */

/* Begin PBXSourcesBuildPhase section */
		8BDAF4731F9A2C5D004A2C0C /* Sources */ = {
			isa = PBXSourcesBuildPhase;
			buildActionMask = 2147483647;
			files = (
				8BDAF48D1F9A2DDD004A2C0C /* UIView+Blur.swift in Sources */,
				8BDAF47D1F9A2C5D004A2C0C /* ViewController.swift in Sources */,
				8BDAF47B1F9A2C5D004A2C0C /* AppDelegate.swift in Sources */,
			);
			runOnlyForDeploymentPostprocessing = 0;
		};
/* End PBXSourcesBuildPhase section */

/* Begin PBXVariantGroup section */
		8BDAF47E1F9A2C5D004A2C0C /* Main.storyboard */ = {
			isa = PBXVariantGroup;
			children = (
				8BDAF47F1F9A2C5D004A2C0C /* Base */,
			);
			name = Main.storyboard;
			sourceTree = "<group>";
		};
		8BDAF4831F9A2C5D004A2C0C /* LaunchScreen.storyboard */ = {
			isa = PBXVariantGroup;
			children = (
				8BDAF4841F9A2C5D004A2C0C /* Base */,
			);
			name = LaunchScreen.storyboard;
			sourceTree = "<group>";
		};
/* End PBXVariantGroup section */

/* Begin XCBuildConfiguration section */
		8BDAF4871F9A2C5D004A2C0C /* Debug */ = {
			isa = XCBuildConfiguration;
			buildSettings = {
				ALWAYS_SEARCH_USER_PATHS = NO;
				CLANG_ANALYZER_NONNULL = YES;
				CLANG_ANALYZER_NUMBER_OBJECT_CONVERSION = YES_AGGRESSIVE;
				CLANG_CXX_LANGUAGE_STANDARD = "gnu++14";
				CLANG_CXX_LIBRARY = "libc++";
				CLANG_ENABLE_MODULES = YES;
				CLANG_ENABLE_OBJC_ARC = YES;
				CLANG_WARN_BLOCK_CAPTURE_AUTORELEASING = YES;
				CLANG_WARN_BOOL_CONVERSION = YES;
				CLANG_WARN_COMMA = YES;
				CLANG_WARN_CONSTANT_CONVERSION = YES;
				CLANG_WARN_DIRECT_OBJC_ISA_USAGE = YES_ERROR;
				CLANG_WARN_DOCUMENTATION_COMMENTS = YES;
				CLANG_WARN_EMPTY_BODY = YES;
				CLANG_WARN_ENUM_CONVERSION = YES;
				CLANG_WARN_INFINITE_RECURSION = YES;
				CLANG_WARN_INT_CONVERSION = YES;
				CLANG_WARN_NON_LITERAL_NULL_CONVERSION = YES;
				CLANG_WARN_OBJC_LITERAL_CONVERSION = YES;
				CLANG_WARN_OBJC_ROOT_CLASS = YES_ERROR;
				CLANG_WARN_RANGE_LOOP_ANALYSIS = YES;
				CLANG_WARN_STRICT_PROTOTYPES = YES;
				CLANG_WARN_SUSPICIOUS_MOVE = YES;
				CLANG_WARN_UNGUARDED_AVAILABILITY = YES_AGGRESSIVE;
				CLANG_WARN_UNREACHABLE_CODE = YES;
				CLANG_WARN__DUPLICATE_METHOD_MATCH = YES;
				CODE_SIGN_IDENTITY = "iPhone Developer";
				COPY_PHASE_STRIP = NO;
				DEBUG_INFORMATION_FORMAT = dwarf;
				ENABLE_STRICT_OBJC_MSGSEND = YES;
				ENABLE_TESTABILITY = YES;
				GCC_C_LANGUAGE_STANDARD = gnu11;
				GCC_DYNAMIC_NO_PIC = NO;
				GCC_NO_COMMON_BLOCKS = YES;
				GCC_OPTIMIZATION_LEVEL = 0;
				GCC_PREPROCESSOR_DEFINITIONS = (
					"DEBUG=1",
					"$(inherited)",
				);
				GCC_WARN_64_TO_32_BIT_CONVERSION = YES;
				GCC_WARN_ABOUT_RETURN_TYPE = YES_ERROR;
				GCC_WARN_UNDECLARED_SELECTOR = YES;
				GCC_WARN_UNINITIALIZED_AUTOS = YES_AGGRESSIVE;
				GCC_WARN_UNUSED_FUNCTION = YES;
				GCC_WARN_UNUSED_VARIABLE = YES;
				IPHONEOS_DEPLOYMENT_TARGET = 11.0;
				MTL_ENABLE_DEBUG_INFO = YES;
				ONLY_ACTIVE_ARCH = YES;
				SDKROOT = iphoneos;
				SWIFT_ACTIVE_COMPILATION_CONDITIONS = DEBUG;
				SWIFT_OPTIMIZATION_LEVEL = "-Onone";
			};
			name = Debug;
		};
		8BDAF4881F9A2C5D004A2C0C /* Release */ = {
			isa = XCBuildConfiguration;
			buildSettings = {
				ALWAYS_SEARCH_USER_PATHS = NO;
				CLANG_ANALYZER_NONNULL = YES;
				CLANG_ANALYZER_NUMBER_OBJECT_CONVERSION = YES_AGGRESSIVE;
				CLANG_CXX_LANGUAGE_STANDARD = "gnu++14";
				CLANG_CXX_LIBRARY = "libc++";
				CLANG_ENABLE_MODULES = YES;
				CLANG_ENABLE_OBJC_ARC = YES;
				CLANG_WARN_BLOCK_CAPTURE_AUTORELEASING = YES;
				CLANG_WARN_BOOL_CONVERSION = YES;
				CLANG_WARN_COMMA = YES;
				CLANG_WARN_CONSTANT_CONVERSION = YES;
				CLANG_WARN_DIRECT_OBJC_ISA_USAGE = YES_ERROR;
				CLANG_WARN_DOCUMENTATION_COMMENTS = YES;
				CLANG_WARN_EMPTY_BODY = YES;
				CLANG_WARN_ENUM_CONVERSION = YES;
				CLANG_WARN_INFINITE_RECURSION = YES;
				CLANG_WARN_INT_CONVERSION = YES;
				CLANG_WARN_NON_LITERAL_NULL_CONVERSION = YES;
				CLANG_WARN_OBJC_LITERAL_CONVERSION = YES;
				CLANG_WARN_OBJC_ROOT_CLASS = YES_ERROR;
				CLANG_WARN_RANGE_LOOP_ANALYSIS = YES;
				CLANG_WARN_STRICT_PROTOTYPES = YES;
				CLANG_WARN_SUSPICIOUS_MOVE = YES;
				CLANG_WARN_UNGUARDED_AVAILABILITY = YES_AGGRESSIVE;
				CLANG_WARN_UNREACHABLE_CODE = YES;
				CLANG_WARN__DUPLICATE_METHOD_MATCH = YES;
				CODE_SIGN_IDENTITY = "iPhone Developer";
				COPY_PHASE_STRIP = NO;
				DEBUG_INFORMATION_FORMAT = "dwarf-with-dsym";
				ENABLE_NS_ASSERTIONS = NO;
				ENABLE_STRICT_OBJC_MSGSEND = YES;
				GCC_C_LANGUAGE_STANDARD = gnu11;
				GCC_NO_COMMON_BLOCKS = YES;
				GCC_WARN_64_TO_32_BIT_CONVERSION = YES;
				GCC_WARN_ABOUT_RETURN_TYPE = YES_ERROR;
				GCC_WARN_UNDECLARED_SELECTOR = YES;
				GCC_WARN_UNINITIALIZED_AUTOS = YES_AGGRESSIVE;
				GCC_WARN_UNUSED_FUNCTION = YES;
				GCC_WARN_UNUSED_VARIABLE = YES;
				IPHONEOS_DEPLOYMENT_TARGET = 11.0;
				MTL_ENABLE_DEBUG_INFO = NO;
				SDKROOT = iphoneos;
				SWIFT_OPTIMIZATION_LEVEL = "-Owholemodule";
				VALIDATE_PRODUCT = YES;
			};
			name = Release;
		};
		8BDAF48A1F9A2C5D004A2C0C /* Debug */ = {
			isa = XCBuildConfiguration;
			buildSettings = {
				ASSETCATALOG_COMPILER_APPICON_NAME = AppIcon;
				CODE_SIGN_STYLE = Automatic;
				DEVELOPMENT_TEAM = KFU25JR552;
				INFOPLIST_FILE = BlurViewExample/Info.plist;
				LD_RUNPATH_SEARCH_PATHS = "$(inherited) @executable_path/Frameworks";
				PRODUCT_BUNDLE_IDENTIFIER = com.nx.BlurViewExample;
				PRODUCT_NAME = "$(TARGET_NAME)";
				SWIFT_VERSION = 4.0;
				TARGETED_DEVICE_FAMILY = "1,2";
			};
			name = Debug;
		};
		8BDAF48B1F9A2C5D004A2C0C /* Release */ = {
			isa = XCBuildConfiguration;
			buildSettings = {
				ASSETCATALOG_COMPILER_APPICON_NAME = AppIcon;
				CODE_SIGN_STYLE = Automatic;
				DEVELOPMENT_TEAM = KFU25JR552;
				INFOPLIST_FILE = BlurViewExample/Info.plist;
				LD_RUNPATH_SEARCH_PATHS = "$(inherited) @executable_path/Frameworks";
				PRODUCT_BUNDLE_IDENTIFIER = com.nx.BlurViewExample;
				PRODUCT_NAME = "$(TARGET_NAME)";
				SWIFT_VERSION = 4.0;
				TARGETED_DEVICE_FAMILY = "1,2";
			};
			name = Release;
		};
/* End XCBuildConfiguration section */

/* Begin XCConfigurationList section */
		8BDAF4721F9A2C5D004A2C0C /* Build configuration list for PBXProject "BlurViewExample" */ = {
			isa = XCConfigurationList;
			buildConfigurations = (
				8BDAF4871F9A2C5D004A2C0C /* Debug */,
				8BDAF4881F9A2C5D004A2C0C /* Release */,
			);
			defaultConfigurationIsVisible = 0;
			defaultConfigurationName = Release;
		};
		8BDAF4891F9A2C5D004A2C0C /* Build configuration list for PBXNativeTarget "BlurViewExample" */ = {
			isa = XCConfigurationList;
			buildConfigurations = (
				8BDAF48A1F9A2C5D004A2C0C /* Debug */,
				8BDAF48B1F9A2C5D004A2C0C /* Release */,
			);
			defaultConfigurationIsVisible = 0;
			defaultConfigurationName = Release;
		};
/* End XCConfigurationList section */
	};
	rootObject = 8BDAF46F1F9A2C5D004A2C0C /* Project object */;
}
